<?xml version="1.0" encoding="UTF-8" standalone="yes" ?>
<CodeBlocks_project_file>
	<FileVersion major="1" minor="6" />
	<Project>
		<Option title="Artistik" />
		<Option pch_mode="2" />
		<Option compiler="gcc" />
		<Build>
			<Target title="Debug">
				<Option output="bin/Debug/Artistik" prefix_auto="1" extension_auto="1" />
				<Option object_output="obj/Debug/" />
				<Option type="1" />
				<Option compiler="gcc" />
				<Compiler>
					<Add option="-g" />
				</Compiler>
			</Target>
			<Target title="Release">
				<Option output="bin/Release/SDL20_INIT" prefix_auto="1" extension_auto="1" />
				<Option object_output="obj/Release/" />
				<Option type="1" />
				<Option compiler="gcc" />
				<Compiler>
					<Add option="-O2" />
				</Compiler>
				<Linker>
					<Add option="-s" />
				</Linker>
			</Target>
		</Build>
		<Compiler>
			<Add option="-Wall" />
			<Add directory="C:/Work/SDL20/i686-w64-mingw32/include/SDL2" />
			<Add directory="C:/Work/SDL2_image-2.0.1/i686-w64-mingw32/include/SDL2" />
			<Add directory="F:/University/Summers/Oop/SDL/include/SDL2" />
			<Add directory="F:/University/Summers/Oop/SDL image/include/SDL2" />
			<Add directory="F:/University/Summers/Oop/Assignment/SDL_mixer/SDL2_mixer-2.0.2/i686-w64-mingw32/include/SDL2" />
		</Compiler>
		<Linker>
			<Add option="-lmingw32 -lSDL2main -lSDL2 -lSDL2_image  -lwinmm" />
			<Add directory="C:/Work/SDL20/i686-w64-mingw32/lib" />
			<Add directory="C:/Work/SDL2_image-2.0.1/i686-w64-mingw32/lib" />
			<Add directory="F:/University/Summers/Oop/SDL/lib" />
			<Add directory="F:/University/Summers/Oop/SDL image/lib" />
			<Add directory="F:/University/Summers/Oop/Assignment/SDL_mixer/SDL2_mixer-2.0.2/i686-w64-mingw32/lib" />
		</Linker>
		<Unit filename="Arrow.cpp" />
		<Unit filename="Arrow.h" />
		<Unit filename="Bandit.cpp" />
		<Unit filename="Bandit.h" />
		<Unit filename="BloodSplash.cpp" />
		<Unit filename="BloodSplash.h" />
		<Unit filename="Bow.cpp" />
		<Unit filename="Bow.h" />
		<Unit filename="Caravan.cpp" />
		<Unit filename="Caravan.h" />
		<Unit filename="Character..cpp" />
		<Unit filename="Character..h" />
		<Unit filename="Chest.cpp" />
		<Unit filename="Chest.h" />
		<Unit filename="Dagger.cpp" />
		<Unit filename="Dagger.h" />
		<Unit filename="EndScreen.cpp" />
		<Unit filename="EndScreen.h" />
		<Unit filename="Food.cpp" />
		<Unit filename="Food.h" />
		<Unit filename="GameScreen.cpp" />
		<Unit filename="GameScreen.h" />
		<Unit filename="Healer.cpp" />
		<Unit filename="Healer.h" />
		<Unit filename="LTexture.cpp" />
		<Unit filename="LTexture.h" />
		<Unit filename="MenuScreen.cpp" />
		<Unit filename="MenuScreen.h" />
		<Unit filename="Point.h" />
		<Unit filename="Rastan.cpp" />
		<Unit filename="Rastan.h" />
		<Unit filename="SplashScreen.cpp" />
		<Unit filename="SplashScreen.h" />
		<Unit filename="Unit.cpp" />
		<Unit filename="Unit.h" />
		<Unit filename="Weapon.cpp" />
		<Unit filename="Weapon.h" />
		<Unit filename="Word.cpp" />
		<Unit filename="Word.h" />
		<Unit filename="main.cpp" />
		<Extensions>
			<code_completion />
			<envvars />
			<debugger />
		</Extensions>
	</Project>
</CodeBlocks_project_file>
